lockfileVersion: '9.0'

settings:
  autoInstallPeers: true
  excludeLinksFromLockfile: false

importers:

  .:
    dependencies:
      '@strudel/core':
        specifier: ^1.2.6
        version: 1.2.6
      '@strudel/mini':
        specifier: ^1.2.6
        version: 1.2.6
      '@strudel/transpiler':
        specifier: ^1.2.6
        version: 1.2.6

packages:

  '@kabelsalat/core@0.4.0':
    resolution: {integrity: sha512-5zV8nh8HffW8aexObXs5pE0xgL0jb1cHc3o8UN6AvK0mBt87fjZvW65E4rMslHyq+OuCscoBJW7B3MbYfWrwMQ==}

  '@kabelsalat/lib@0.4.1':
    resolution: {integrity: sha512-gBCjrZKD9huTKNJuBC6BXM4PMQSg8otL8A/vp8j98P9v6yWTX1TuyaqdLg/1PrIAMV4hlWoav9ZD3YMFlrvouw==}

  '@kabelsalat/web@0.4.1':
    resolution: {integrity: sha512-ASkFhePJLx3GjadYOueI7sHKXBbRPk/a1pfslFeQNI9gU7yZq/KrnkmOmLrgrtixAsy7gyi1vWqkmRRvH3Ki6w==}

  '@strudel/core@1.2.6':
    resolution: {integrity: sha512-FA5Kxv3U+UhNRLIeuEpXck2o2J5AjHZbkAdSAK9Q2N3Az1G9Vnc+bXXfgDFyY3yRH9mXXQvTerz8jr876pGGng==}
    engines: {node: '>=18.0.0'}

  '@strudel/mini@1.2.6':
    resolution: {integrity: sha512-I5GFPLHI3TPcJuD2RdDcurA+lTogaSQ0TB+EimKTgEtSAbU6ZMEkSUOXZIFO5eaAcJcMucgKaBcmTKpD4oZjPA==}
    engines: {node: '>=18.0.0'}

  '@strudel/transpiler@1.2.6':
    resolution: {integrity: sha512-NzmyQDS4BqjafOPzHGFowxILDx3ZRAPD47YszxNaPB7PggMA2rMo9t3rLz80G0GxA0ZAyMbVMR3px9jDWnJ5hg==}
    engines: {node: '>=18.0.0'}

  '@types/estree@1.0.9':
    resolution: {integrity: sha512-GhdPgy1el4/ImP05X05Uw4cw2/M93BCUmnEvWZNStlCzEKME4Fkk+YpoA5OiHNQmoS7Cafb8Xa3Pya8m1Qrzeg==}

  acorn@8.16.0:
    resolution: {integrity: sha512-UVJyE9MttOsBQIDKw1skb9nAwQuR5wuGD3+82K6JgJlm/Y+KI92oNsMNGZCYdDsVtRHSak0pcV5Dno5+4jh9sw==}
    engines: {node: '>=0.4.0'}
    hasBin: true

  escodegen@2.1.0:
    resolution: {integrity: sha512-2NlIDTwUWJN0mRPQOdtQBzbUHvdGY2P1VXSyU83Q3xKxM7WHX2Ql8dKq782Q9TgQUNOLEzEYu9bzLNj1q88I5w==}
    engines: {node: '>=6.0'}
    hasBin: true

  esprima@4.0.1:
    resolution: {integrity: sha512-eGuFFw7Upda+g4p+QHvnW0RyTX/SVeJBDM/gCtMARO0cLuT2HcEKnTPvhjV6aGeqrCB/sbNop0Kszm0jsaWU4A==}
    engines: {node: '>=4'}
    hasBin: true

  estraverse@5.3.0:
    resolution: {integrity: sha512-MMdARuVEQziNTeJD8DgMqmhwR11BRQ/cBP+pLtYdSTnf3MIO8fFeiINEbX36ZdNlfU/7A9f3gUw49B3oQsvwBA==}
    engines: {node: '>=4.0'}

  estree-walker@3.0.3:
    resolution: {integrity: sha512-7RUKfXgSMMkzt6ZuXmqapOurLGPPfgj6l9uRZ7lRGolvk0y2yocc35LdcxKC5PQZdn2DMqioAQ2NoWcrTKmm6g==}

  esutils@2.0.3:
    resolution: {integrity: sha512-kVscqXk4OCp68SZ0dkgEKVi6/8ij300KBWTJq32P/dYeWTSwK41WyTxalN1eRmA5Z9UU/LX9D7FWSmV9SAYx6g==}
    engines: {node: '>=0.10.0'}

  fraction.js@5.3.4:
    resolution: {integrity: sha512-1X1NTtiJphryn/uLQz3whtY6jK3fTqoE3ohKs0tT+Ujr1W59oopxmoEh7Lu5p6vBaPbgoM0bzveAW4Qi5RyWDQ==}

  source-map@0.6.1:
    resolution: {integrity: sha512-UjgapumWlbMhkBgzT7Ykc5YXUT46F0iKu8SGXq0bcwP5dz/h0Plj6enJqjz1Zbq2l5WaqYnrVbwWOWMyF3F47g==}
    engines: {node: '>=0.10.0'}

snapshots:

  '@kabelsalat/core@0.4.0': {}

  '@kabelsalat/lib@0.4.1':
    dependencies:
      '@kabelsalat/core': 0.4.0

  '@kabelsalat/web@0.4.1':
    dependencies:
      '@kabelsalat/core': 0.4.0
      '@kabelsalat/lib': 0.4.1

  '@strudel/core@1.2.6':
    dependencies:
      '@kabelsalat/web': 0.4.1
      fraction.js: 5.3.4

  '@strudel/mini@1.2.6':
    dependencies:
      '@strudel/core': 1.2.6

  '@strudel/transpiler@1.2.6':
    dependencies:
      '@strudel/core': 1.2.6
      '@strudel/mini': 1.2.6
      acorn: 8.16.0
      escodegen: 2.1.0
      estree-walker: 3.0.3

  '@types/estree@1.0.9': {}

  acorn@8.16.0: {}

  escodegen@2.1.0:
    dependencies:
      esprima: 4.0.1
      estraverse: 5.3.0
      esutils: 2.0.3
    optionalDependencies:
      source-map: 0.6.1

  esprima@4.0.1: {}

  estraverse@5.3.0: {}

  estree-walker@3.0.3:
    dependencies:
      '@types/estree': 1.0.9

  esutils@2.0.3: {}

  fraction.js@5.3.4: {}

  source-map@0.6.1:
    optional: true
